
Microsoft Visual Studio Solution File, Format Version 12.00
# Visual Studio Version 17
VisualStudioVersion = 17.3.32825.248
MinimumVisualStudioVersion = 10.0.40219.1
Project("{FAE04EC0-301F-11D3-BF4B-00C04F79EFBC}") = "uppgift 2", "uppgift 2\uppgift 2.csproj", "{59C45B0A-8FB6-4A22-A6A9-594BA444A18E}"
EndProject
Global
	GlobalSection(SolutionConfigurationPlatforms) = preSolution
		Debug|Any CPU = Debug|Any CPU
		Release|Any CPU = Release|Any CPU
	EndGlobalSection
	GlobalSection(ProjectConfigurationPlatforms) = postSolution
		{59C45B0A-8FB6-4A22-A6A9-594BA444A18E}.Debug|Any CPU.ActiveCfg = Debug|Any CPU
		{59C45B0A-8FB6-4A22-A6A9-594BA444A18E}.Debug|Any CPU.Build.0 = Debug|Any CPU
		{59C45B0A-8FB6-4A22-A6A9-594BA444A18E}.Release|Any CPU.ActiveCfg = Release|Any CPU
		{59C45B0A-8FB6-4A22-A6A9-594BA444A18E}.Release|Any CPU.Build.0 = Release|Any CPU
	EndGlobalSection
	GlobalSection(SolutionProperties) = preSolution
		HideSolutionNode = FALSE
	EndGlobalSection
	GlobalSection(ExtensibilityGlobals) = postSolution
		SolutionGuid = {4D3B246B-72D1-4F4A-9123-FF6D562E92BD}
	EndGlobalSection
EndGlobal
